
Microsoft Visual Studio Solution File, Format Version 12.00
# Visual Studio Version 17
VisualStudioVersion = 17.4.33122.133
MinimumVisualStudioVersion = 10.0.40219.1
Project("{FAE04EC0-301F-11D3-BF4B-00C04F79EFBC}") = "FoodOrder", "FoodOrder.csproj", "{8A879145-BDA5-4CBB-AFCA-610C8938CAEC}"
EndProject
Global
	GlobalSection(SolutionConfigurationPlatforms) = preSolution
		Debug|Any CPU = Debug|Any CPU
		Release|Any CPU = Release|Any CPU
	EndGlobalSection
	GlobalSection(ProjectConfigurationPlatforms) = postSolution
		{8A879145-BDA5-4CBB-AFCA-610C8938CAEC}.Debug|Any CPU.ActiveCfg = Debug|Any CPU
		{8A879145-BDA5-4CBB-AFCA-610C8938CAEC}.Debug|Any CPU.Build.0 = Debug|Any CPU
		{8A879145-BDA5-4CBB-AFCA-610C8938CAEC}.Release|Any CPU.ActiveCfg = Release|Any CPU
		{8A879145-BDA5-4CBB-AFCA-610C8938CAEC}.Release|Any CPU.Build.0 = Release|Any CPU
	EndGlobalSection
	GlobalSection(SolutionProperties) = preSolution
		HideSolutionNode = FALSE
	EndGlobalSection
	GlobalSection(ExtensibilityGlobals) = postSolution
		SolutionGuid = {560C8EB5-13D3-4460-B4CD-414CB3722271}
	EndGlobalSection
EndGlobal
